
Microsoft Visual Studio Solution File, Format Version 12.00
# Visual Studio Version 17
VisualStudioVersion = 17.9.34622.214
MinimumVisualStudioVersion = 10.0.40219.1
Project("{9A19103F-16F7-4668-BE54-9A1E7A4F7556}") = "Test", "Test\Test.csproj", "{0BFF4099-1CB1-40F7-AA66-C1A47E57FA9A}"
EndProject
Project("{2150E333-8FDC-42A3-9474-1A3956D46DE8}") = "OOP", "OOP", "{D7488F46-6ADF-4F8C-BDD9-61BC09B8BBEB}"
EndProject
Project("{2150E333-8FDC-42A3-9474-1A3956D46DE8}") = "Functional", "Functional", "{549365FE-DBC1-4D44-AD0E-5BD252A01746}"
EndProject
Project("{9A19103F-16F7-4668-BE54-9A1E7A4F7556}") = "Assignment1", "Assignment1\Assignment1.csproj", "{CC27EAEF-B84A-492C-A442-13E417328464}"
EndProject
Project("{9A19103F-16F7-4668-BE54-9A1E7A4F7556}") = "Assignment2", "Assignment2\Assignment2.csproj", "{046F13A0-89BE-46B5-A9D4-5D0042F2883A}"
EndProject
Project("{9A19103F-16F7-4668-BE54-9A1E7A4F7556}") = "Assignment3", "Assignment3\Assignment3.csproj", "{FE16F698-E090-4E47-957E-3905A4AD8A77}"
EndProject
Project("{9A19103F-16F7-4668-BE54-9A1E7A4F7556}") = "Assignment4", "Assignment4\Assignment4.csproj", "{582B21D2-DD00-47DB-AE58-C9E3796F0A75}"
EndProject
Project("{9A19103F-16F7-4668-BE54-9A1E7A4F7556}") = "Assignment5", "Assignment5\Assignment5.csproj", "{C2BEE969-A642-4BE4-8E5B-749C596F4083}"
EndProject
Project("{9A19103F-16F7-4668-BE54-9A1E7A4F7556}") = "Assignment6", "Assignment6\Assignment6.csproj", "{256AA74B-88C9-4723-800C-4E7AA0FF74BB}"
EndProject
Project("{9A19103F-16F7-4668-BE54-9A1E7A4F7556}") = "Assignment7", "Assignment7\Assignment7.csproj", "{23E400FD-DA6A-4AFD-B26A-AC682AB417FC}"
EndProject
Project("{9A19103F-16F7-4668-BE54-9A1E7A4F7556}") = "Assignment8", "Assignment8\Assignment8.csproj", "{55F7CD81-65B3-4CF3-A0E9-0D793F81F402}"
EndProject
Project("{9A19103F-16F7-4668-BE54-9A1E7A4F7556}") = "Functional1", "Functional1\Functional1.csproj", "{4C09D930-573C-4B4B-9BE8-D16D4187F176}"
EndProject
Project("{9A19103F-16F7-4668-BE54-9A1E7A4F7556}") = "Functional2", "Functional2\Functional2.csproj", "{03E52C94-001C-41C0-8068-B7E084DDF471}"
EndProject
Project("{9A19103F-16F7-4668-BE54-9A1E7A4F7556}") = "Functional3", "Functional3\Functional3.csproj", "{695B16F7-1679-4460-83EE-06AA4D4354D5}"
EndProject
Project("{9A19103F-16F7-4668-BE54-9A1E7A4F7556}") = "Functional4", "Functional4\Functional4.csproj", "{C1B7D39A-0782-4C71-940D-18E73C1D47DB}"
EndProject
Project("{9A19103F-16F7-4668-BE54-9A1E7A4F7556}") = "Functional5", "Functional5\Functional5.csproj", "{182635F4-077F-4BE6-BEAB-98BA7F396B81}"
EndProject
Project("{9A19103F-16F7-4668-BE54-9A1E7A4F7556}") = "Functional6", "Functional6\Functional6.csproj", "{BF3B1844-1807-4B97-9A0E-A5111E29659B}"
EndProject
Project("{9A19103F-16F7-4668-BE54-9A1E7A4F7556}") = "Functional7", "Functional7\Functional7.csproj", "{4E1DD58D-0B9C-48E7-8E46-381F346739C7}"
EndProject
Project("{9A19103F-16F7-4668-BE54-9A1E7A4F7556}") = "Functional8", "Functional8\Functional8.csproj", "{D1D050B6-770B-4952-8CCB-35750928C40D}"
EndProject
Project("{2150E333-8FDC-42A3-9474-1A3956D46DE8}") = "OOP2", "OOP2", "{E76B8049-F6D9-45CC-A961-D91AF998E2BB}"
EndProject
Project("{FAE04EC0-301F-11D3-BF4B-00C04F79EFBC}") = "OOP1", "OOP1\OOP1.csproj", "{39592F82-4499-4C7F-9FB7-DEFACBC72C11}"
EndProject
Project("{FAE04EC0-301F-11D3-BF4B-00C04F79EFBC}") = "OOP2", "OOP2\OOP2.csproj", "{F2DE88DF-060C-4538-82E6-A45D98E04B4A}"
EndProject
Project("{FAE04EC0-301F-11D3-BF4B-00C04F79EFBC}") = "OOP3", "OOP3\OOP3.csproj", "{7AEBD741-1B16-4907-9C5C-43E7ED74C667}"
EndProject
Project("{FAE04EC0-301F-11D3-BF4B-00C04F79EFBC}") = "OOP4", "OOP4\OOP4.csproj", "{76242FFA-D40E-4BCC-980C-793609614057}"
EndProject
Project("{FAE04EC0-301F-11D3-BF4B-00C04F79EFBC}") = "OOP5", "OOP5\OOP5.csproj", "{33DB9A87-6DCA-40AB-A1E9-A0D21E921D56}"
EndProject
Global
	GlobalSection(SolutionConfigurationPlatforms) = preSolution
		Debug|Any CPU = Debug|Any CPU
		Release|Any CPU = Release|Any CPU
	EndGlobalSection
	GlobalSection(ProjectConfigurationPlatforms) = postSolution
		{0BFF4099-1CB1-40F7-AA66-C1A47E57FA9A}.Debug|Any CPU.ActiveCfg = Debug|Any CPU
		{0BFF4099-1CB1-40F7-AA66-C1A47E57FA9A}.Debug|Any CPU.Build.0 = Debug|Any CPU
		{0BFF4099-1CB1-40F7-AA66-C1A47E57FA9A}.Release|Any CPU.ActiveCfg = Release|Any CPU
		{0BFF4099-1CB1-40F7-AA66-C1A47E57FA9A}.Release|Any CPU.Build.0 = Release|Any CPU
		{CC27EAEF-B84A-492C-A442-13E417328464}.Debug|Any CPU.ActiveCfg = Debug|Any CPU
		{CC27EAEF-B84A-492C-A442-13E417328464}.Debug|Any CPU.Build.0 = Debug|Any CPU
		{CC27EAEF-B84A-492C-A442-13E417328464}.Release|Any CPU.ActiveCfg = Release|Any CPU
		{CC27EAEF-B84A-492C-A442-13E417328464}.Release|Any CPU.Build.0 = Release|Any CPU
		{046F13A0-89BE-46B5-A9D4-5D0042F2883A}.Debug|Any CPU.ActiveCfg = Debug|Any CPU
		{046F13A0-89BE-46B5-A9D4-5D0042F2883A}.Debug|Any CPU.Build.0 = Debug|Any CPU
		{046F13A0-89BE-46B5-A9D4-5D0042F2883A}.Release|Any CPU.ActiveCfg = Release|Any CPU
		{046F13A0-89BE-46B5-A9D4-5D0042F2883A}.Release|Any CPU.Build.0 = Release|Any CPU
		{FE16F698-E090-4E47-957E-3905A4AD8A77}.Debug|Any CPU.ActiveCfg = Debug|Any CPU
		{FE16F698-E090-4E47-957E-3905A4AD8A77}.Debug|Any CPU.Build.0 = Debug|Any CPU
		{FE16F698-E090-4E47-957E-3905A4AD8A77}.Release|Any CPU.ActiveCfg = Release|Any CPU
		{FE16F698-E090-4E47-957E-3905A4AD8A77}.Release|Any CPU.Build.0 = Release|Any CPU
		{582B21D2-DD00-47DB-AE58-C9E3796F0A75}.Debug|Any CPU.ActiveCfg = Debug|Any CPU
		{582B21D2-DD00-47DB-AE58-C9E3796F0A75}.Debug|Any CPU.Build.0 = Debug|Any CPU
		{582B21D2-DD00-47DB-AE58-C9E3796F0A75}.Release|Any CPU.ActiveCfg = Release|Any CPU
		{582B21D2-DD00-47DB-AE58-C9E3796F0A75}.Release|Any CPU.Build.0 = Release|Any CPU
		{C2BEE969-A642-4BE4-8E5B-749C596F4083}.Debug|Any CPU.ActiveCfg = Debug|Any CPU
		{C2BEE969-A642-4BE4-8E5B-749C596F4083}.Debug|Any CPU.Build.0 = Debug|Any CPU
		{C2BEE969-A642-4BE4-8E5B-749C596F4083}.Release|Any CPU.ActiveCfg = Release|Any CPU
		{C2BEE969-A642-4BE4-8E5B-749C596F4083}.Release|Any CPU.Build.0 = Release|Any CPU
		{256AA74B-88C9-4723-800C-4E7AA0FF74BB}.Debug|Any CPU.ActiveCfg = Debug|Any CPU
		{256AA74B-88C9-4723-800C-4E7AA0FF74BB}.Debug|Any CPU.Build.0 = Debug|Any CPU
		{256AA74B-88C9-4723-800C-4E7AA0FF74BB}.Release|Any CPU.ActiveCfg = Release|Any CPU
		{256AA74B-88C9-4723-800C-4E7AA0FF74BB}.Release|Any CPU.Build.0 = Release|Any CPU
		{23E400FD-DA6A-4AFD-B26A-AC682AB417FC}.Debug|Any CPU.ActiveCfg = Debug|Any CPU
		{23E400FD-DA6A-4AFD-B26A-AC682AB417FC}.Debug|Any CPU.Build.0 = Debug|Any CPU
		{23E400FD-DA6A-4AFD-B26A-AC682AB417FC}.Release|Any CPU.ActiveCfg = Release|Any CPU
		{23E400FD-DA6A-4AFD-B26A-AC682AB417FC}.Release|Any CPU.Build.0 = Release|Any CPU
		{55F7CD81-65B3-4CF3-A0E9-0D793F81F402}.Debug|Any CPU.ActiveCfg = Debug|Any CPU
		{55F7CD81-65B3-4CF3-A0E9-0D793F81F402}.Debug|Any CPU.Build.0 = Debug|Any CPU
		{55F7CD81-65B3-4CF3-A0E9-0D793F81F402}.Release|Any CPU.ActiveCfg = Release|Any CPU
		{55F7CD81-65B3-4CF3-A0E9-0D793F81F402}.Release|Any CPU.Build.0 = Release|Any CPU
		{4C09D930-573C-4B4B-9BE8-D16D4187F176}.Debug|Any CPU.ActiveCfg = Debug|Any CPU
		{4C09D930-573C-4B4B-9BE8-D16D4187F176}.Debug|Any CPU.Build.0 = Debug|Any CPU
		{4C09D930-573C-4B4B-9BE8-D16D4187F176}.Release|Any CPU.ActiveCfg = Release|Any CPU
		{4C09D930-573C-4B4B-9BE8-D16D4187F176}.Release|Any CPU.Build.0 = Release|Any CPU
		{03E52C94-001C-41C0-8068-B7E084DDF471}.Debug|Any CPU.ActiveCfg = Debug|Any CPU
		{03E52C94-001C-41C0-8068-B7E084DDF471}.Debug|Any CPU.Build.0 = Debug|Any CPU
		{03E52C94-001C-41C0-8068-B7E084DDF471}.Release|Any CPU.ActiveCfg = Release|Any CPU
		{03E52C94-001C-41C0-8068-B7E084DDF471}.Release|Any CPU.Build.0 = Release|Any CPU
		{695B16F7-1679-4460-83EE-06AA4D4354D5}.Debug|Any CPU.ActiveCfg = Debug|Any CPU
		{695B16F7-1679-4460-83EE-06AA4D4354D5}.Debug|Any CPU.Build.0 = Debug|Any CPU
		{695B16F7-1679-4460-83EE-06AA4D4354D5}.Release|Any CPU.ActiveCfg = Release|Any CPU
		{695B16F7-1679-4460-83EE-06AA4D4354D5}.Release|Any CPU.Build.0 = Release|Any CPU
		{C1B7D39A-0782-4C71-940D-18E73C1D47DB}.Debug|Any CPU.ActiveCfg = Debug|Any CPU
		{C1B7D39A-0782-4C71-940D-18E73C1D47DB}.Debug|Any CPU.Build.0 = Debug|Any CPU
		{C1B7D39A-0782-4C71-940D-18E73C1D47DB}.Release|Any CPU.ActiveCfg = Release|Any CPU
		{C1B7D39A-0782-4C71-940D-18E73C1D47DB}.Release|Any CPU.Build.0 = Release|Any CPU
		{182635F4-077F-4BE6-BEAB-98BA7F396B81}.Debug|Any CPU.ActiveCfg = Debug|Any CPU
		{182635F4-077F-4BE6-BEAB-98BA7F396B81}.Debug|Any CPU.Build.0 = Debug|Any CPU
		{182635F4-077F-4BE6-BEAB-98BA7F396B81}.Release|Any CPU.ActiveCfg = Release|Any CPU
		{182635F4-077F-4BE6-BEAB-98BA7F396B81}.Release|Any CPU.Build.0 = Release|Any CPU
		{BF3B1844-1807-4B97-9A0E-A5111E29659B}.Debug|Any CPU.ActiveCfg = Debug|Any CPU
		{BF3B1844-1807-4B97-9A0E-A5111E29659B}.Debug|Any CPU.Build.0 = Debug|Any CPU
		{BF3B1844-1807-4B97-9A0E-A5111E29659B}.Release|Any CPU.ActiveCfg = Release|Any CPU
		{BF3B1844-1807-4B97-9A0E-A5111E29659B}.Release|Any CPU.Build.0 = Release|Any CPU
		{4E1DD58D-0B9C-48E7-8E46-381F346739C7}.Debug|Any CPU.ActiveCfg = Debug|Any CPU
		{4E1DD58D-0B9C-48E7-8E46-381F346739C7}.Debug|Any CPU.Build.0 = Debug|Any CPU
		{4E1DD58D-0B9C-48E7-8E46-381F346739C7}.Release|Any CPU.ActiveCfg = Release|Any CPU
		{4E1DD58D-0B9C-48E7-8E46-381F346739C7}.Release|Any CPU.Build.0 = Release|Any CPU
		{D1D050B6-770B-4952-8CCB-35750928C40D}.Debug|Any CPU.ActiveCfg = Debug|Any CPU
		{D1D050B6-770B-4952-8CCB-35750928C40D}.Debug|Any CPU.Build.0 = Debug|Any CPU
		{D1D050B6-770B-4952-8CCB-35750928C40D}.Release|Any CPU.ActiveCfg = Release|Any CPU
		{D1D050B6-770B-4952-8CCB-35750928C40D}.Release|Any CPU.Build.0 = Release|Any CPU
		{39592F82-4499-4C7F-9FB7-DEFACBC72C11}.Debug|Any CPU.ActiveCfg = Debug|Any CPU
		{39592F82-4499-4C7F-9FB7-DEFACBC72C11}.Debug|Any CPU.Build.0 = Debug|Any CPU
		{39592F82-4499-4C7F-9FB7-DEFACBC72C11}.Release|Any CPU.ActiveCfg = Release|Any CPU
		{39592F82-4499-4C7F-9FB7-DEFACBC72C11}.Release|Any CPU.Build.0 = Release|Any CPU
		{F2DE88DF-060C-4538-82E6-A45D98E04B4A}.Debug|Any CPU.ActiveCfg = Debug|Any CPU
		{F2DE88DF-060C-4538-82E6-A45D98E04B4A}.Debug|Any CPU.Build.0 = Debug|Any CPU
		{F2DE88DF-060C-4538-82E6-A45D98E04B4A}.Release|Any CPU.ActiveCfg = Release|Any CPU
		{F2DE88DF-060C-4538-82E6-A45D98E04B4A}.Release|Any CPU.Build.0 = Release|Any CPU
		{7AEBD741-1B16-4907-9C5C-43E7ED74C667}.Debug|Any CPU.ActiveCfg = Debug|Any CPU
		{7AEBD741-1B16-4907-9C5C-43E7ED74C667}.Debug|Any CPU.Build.0 = Debug|Any CPU
		{7AEBD741-1B16-4907-9C5C-43E7ED74C667}.Release|Any CPU.ActiveCfg = Release|Any CPU
		{7AEBD741-1B16-4907-9C5C-43E7ED74C667}.Release|Any CPU.Build.0 = Release|Any CPU
		{76242FFA-D40E-4BCC-980C-793609614057}.Debug|Any CPU.ActiveCfg = Debug|Any CPU
		{76242FFA-D40E-4BCC-980C-793609614057}.Debug|Any CPU.Build.0 = Debug|Any CPU
		{76242FFA-D40E-4BCC-980C-793609614057}.Release|Any CPU.ActiveCfg = Release|Any CPU
		{76242FFA-D40E-4BCC-980C-793609614057}.Release|Any CPU.Build.0 = Release|Any CPU
		{33DB9A87-6DCA-40AB-A1E9-A0D21E921D56}.Debug|Any CPU.ActiveCfg = Debug|Any CPU
		{33DB9A87-6DCA-40AB-A1E9-A0D21E921D56}.Debug|Any CPU.Build.0 = Debug|Any CPU
		{33DB9A87-6DCA-40AB-A1E9-A0D21E921D56}.Release|Any CPU.ActiveCfg = Release|Any CPU
		{33DB9A87-6DCA-40AB-A1E9-A0D21E921D56}.Release|Any CPU.Build.0 = Release|Any CPU
	EndGlobalSection
	GlobalSection(SolutionProperties) = preSolution
		HideSolutionNode = FALSE
	EndGlobalSection
	GlobalSection(NestedProjects) = preSolution
		{CC27EAEF-B84A-492C-A442-13E417328464} = {D7488F46-6ADF-4F8C-BDD9-61BC09B8BBEB}
		{046F13A0-89BE-46B5-A9D4-5D0042F2883A} = {D7488F46-6ADF-4F8C-BDD9-61BC09B8BBEB}
		{FE16F698-E090-4E47-957E-3905A4AD8A77} = {D7488F46-6ADF-4F8C-BDD9-61BC09B8BBEB}
		{582B21D2-DD00-47DB-AE58-C9E3796F0A75} = {D7488F46-6ADF-4F8C-BDD9-61BC09B8BBEB}
		{C2BEE969-A642-4BE4-8E5B-749C596F4083} = {D7488F46-6ADF-4F8C-BDD9-61BC09B8BBEB}
		{256AA74B-88C9-4723-800C-4E7AA0FF74BB} = {D7488F46-6ADF-4F8C-BDD9-61BC09B8BBEB}
		{23E400FD-DA6A-4AFD-B26A-AC682AB417FC} = {D7488F46-6ADF-4F8C-BDD9-61BC09B8BBEB}
		{55F7CD81-65B3-4CF3-A0E9-0D793F81F402} = {D7488F46-6ADF-4F8C-BDD9-61BC09B8BBEB}
		{4C09D930-573C-4B4B-9BE8-D16D4187F176} = {549365FE-DBC1-4D44-AD0E-5BD252A01746}
		{03E52C94-001C-41C0-8068-B7E084DDF471} = {549365FE-DBC1-4D44-AD0E-5BD252A01746}
		{695B16F7-1679-4460-83EE-06AA4D4354D5} = {549365FE-DBC1-4D44-AD0E-5BD252A01746}
		{C1B7D39A-0782-4C71-940D-18E73C1D47DB} = {549365FE-DBC1-4D44-AD0E-5BD252A01746}
		{182635F4-077F-4BE6-BEAB-98BA7F396B81} = {549365FE-DBC1-4D44-AD0E-5BD252A01746}
		{BF3B1844-1807-4B97-9A0E-A5111E29659B} = {549365FE-DBC1-4D44-AD0E-5BD252A01746}
		{4E1DD58D-0B9C-48E7-8E46-381F346739C7} = {549365FE-DBC1-4D44-AD0E-5BD252A01746}
		{D1D050B6-770B-4952-8CCB-35750928C40D} = {549365FE-DBC1-4D44-AD0E-5BD252A01746}
		{39592F82-4499-4C7F-9FB7-DEFACBC72C11} = {E76B8049-F6D9-45CC-A961-D91AF998E2BB}
		{F2DE88DF-060C-4538-82E6-A45D98E04B4A} = {E76B8049-F6D9-45CC-A961-D91AF998E2BB}
		{7AEBD741-1B16-4907-9C5C-43E7ED74C667} = {E76B8049-F6D9-45CC-A961-D91AF998E2BB}
		{76242FFA-D40E-4BCC-980C-793609614057} = {E76B8049-F6D9-45CC-A961-D91AF998E2BB}
		{33DB9A87-6DCA-40AB-A1E9-A0D21E921D56} = {E76B8049-F6D9-45CC-A961-D91AF998E2BB}
	EndGlobalSection
	GlobalSection(ExtensibilityGlobals) = postSolution
		SolutionGuid = {D21EE4DB-67AA-4845-8824-A313603CC0C0}
	EndGlobalSection
EndGlobal
