
Microsoft Visual Studio Solution File, Format Version 12.00
# Visual Studio Version 17
VisualStudioVersion = 17.9.34622.214
MinimumVisualStudioVersion = 10.0.40219.1
Project("{9A19103F-16F7-4668-BE54-9A1E7A4F7556}") = "Test", "Test\Test.csproj", "{14DD2563-EA0C-4727-9597-A3DB19DBFEF6}"
EndProject
Project("{9A19103F-16F7-4668-BE54-9A1E7A4F7556}") = "Day1", "Day1\Day1.csproj", "{AF69FAD0-5D70-4E6E-B770-FD9E8DD57AEB}"
EndProject
Project("{9A19103F-16F7-4668-BE54-9A1E7A4F7556}") = "Day2", "Day2\Day2.csproj", "{F6763CC0-7A91-4D5D-9C57-047868EE10FE}"
EndProject
Project("{9A19103F-16F7-4668-BE54-9A1E7A4F7556}") = "Day3", "Day3\Day3.csproj", "{8865DF7D-4A67-4EE7-995F-CB87A5E13265}"
EndProject
Project("{9A19103F-16F7-4668-BE54-9A1E7A4F7556}") = "Day4", "Day4\Day4.csproj", "{15DF41FA-C9C3-4FF3-87DE-F2D521AC4788}"
EndProject
Project("{9A19103F-16F7-4668-BE54-9A1E7A4F7556}") = "Home Work", "Home Work\Home Work.csproj", "{745F2ECD-090B-4476-A29C-A3C72031512D}"
EndProject
Project("{9A19103F-16F7-4668-BE54-9A1E7A4F7556}") = "Day5", "Day5\Day5.csproj", "{4691FDD8-7F5C-4172-B394-9B5B35A9261F}"
EndProject
Project("{9A19103F-16F7-4668-BE54-9A1E7A4F7556}") = "Exam", "Exam\Exam.csproj", "{799EBF83-36EF-4204-B23A-255600C605FB}"
EndProject
Project("{9A19103F-16F7-4668-BE54-9A1E7A4F7556}") = "Day6", "Day6\Day6.csproj", "{9ACD0031-0D80-45F5-920F-EAC81CD427E7}"
EndProject
Project("{9A19103F-16F7-4668-BE54-9A1E7A4F7556}") = "InClass1", "InClass1\InClass1.csproj", "{A4E45F50-8E3F-4EA2-97C8-BB6A48C004B8}"
EndProject
Project("{9A19103F-16F7-4668-BE54-9A1E7A4F7556}") = "InClass2", "InClass2\InClass2.csproj", "{A2389F23-447D-49E9-AC45-F53DF471B471}"
EndProject
Project("{9A19103F-16F7-4668-BE54-9A1E7A4F7556}") = "InClass3", "InClass3\InClass3.csproj", "{7E43514A-3DDC-4FB5-962F-5A5D54271FF2}"
EndProject
Project("{9A19103F-16F7-4668-BE54-9A1E7A4F7556}") = "InClass4", "InClass4\InClass4.csproj", "{3E336308-75B4-4AF8-B7A0-9418C0B5868E}"
EndProject
Project("{9A19103F-16F7-4668-BE54-9A1E7A4F7556}") = "Day7", "Day7\Day7.csproj", "{F3F71859-75C2-4750-BF06-98EA11E67607}"
EndProject
Project("{FAE04EC0-301F-11D3-BF4B-00C04F79EFBC}") = "CodeAcademyShop", "CodeAcademyShop\CodeAcademyShop.csproj", "{8462C55B-3931-4A89-BBC0-7C7AF06C5530}"
EndProject
Project("{FAE04EC0-301F-11D3-BF4B-00C04F79EFBC}") = "Day8", "Day8\Day8.csproj", "{1E33AD5A-BE9A-472F-8061-3E60508A8E55}"
EndProject
Project("{FAE04EC0-301F-11D3-BF4B-00C04F79EFBC}") = "Day9", "Day9\Day9.csproj", "{9281C30F-38F9-48CF-A050-A8AB23A26625}"
EndProject
Project("{FAE04EC0-301F-11D3-BF4B-00C04F79EFBC}") = "Day10", "Day10\Day10.csproj", "{41B0788B-C9D8-4FBC-9C29-090DB272799B}"
EndProject
Project("{FAE04EC0-301F-11D3-BF4B-00C04F79EFBC}") = "Day11", "Day11\Day11.csproj", "{571B025E-7F17-4DB1-86AA-73919F13114F}"
EndProject
Global
	GlobalSection(SolutionConfigurationPlatforms) = preSolution
		Debug|Any CPU = Debug|Any CPU
		Release|Any CPU = Release|Any CPU
	EndGlobalSection
	GlobalSection(ProjectConfigurationPlatforms) = postSolution
		{14DD2563-EA0C-4727-9597-A3DB19DBFEF6}.Debug|Any CPU.ActiveCfg = Debug|Any CPU
		{14DD2563-EA0C-4727-9597-A3DB19DBFEF6}.Debug|Any CPU.Build.0 = Debug|Any CPU
		{14DD2563-EA0C-4727-9597-A3DB19DBFEF6}.Release|Any CPU.ActiveCfg = Release|Any CPU
		{14DD2563-EA0C-4727-9597-A3DB19DBFEF6}.Release|Any CPU.Build.0 = Release|Any CPU
		{AF69FAD0-5D70-4E6E-B770-FD9E8DD57AEB}.Debug|Any CPU.ActiveCfg = Debug|Any CPU
		{AF69FAD0-5D70-4E6E-B770-FD9E8DD57AEB}.Debug|Any CPU.Build.0 = Debug|Any CPU
		{AF69FAD0-5D70-4E6E-B770-FD9E8DD57AEB}.Release|Any CPU.ActiveCfg = Release|Any CPU
		{AF69FAD0-5D70-4E6E-B770-FD9E8DD57AEB}.Release|Any CPU.Build.0 = Release|Any CPU
		{F6763CC0-7A91-4D5D-9C57-047868EE10FE}.Debug|Any CPU.ActiveCfg = Debug|Any CPU
		{F6763CC0-7A91-4D5D-9C57-047868EE10FE}.Debug|Any CPU.Build.0 = Debug|Any CPU
		{F6763CC0-7A91-4D5D-9C57-047868EE10FE}.Release|Any CPU.ActiveCfg = Release|Any CPU
		{F6763CC0-7A91-4D5D-9C57-047868EE10FE}.Release|Any CPU.Build.0 = Release|Any CPU
		{8865DF7D-4A67-4EE7-995F-CB87A5E13265}.Debug|Any CPU.ActiveCfg = Debug|Any CPU
		{8865DF7D-4A67-4EE7-995F-CB87A5E13265}.Debug|Any CPU.Build.0 = Debug|Any CPU
		{8865DF7D-4A67-4EE7-995F-CB87A5E13265}.Release|Any CPU.ActiveCfg = Release|Any CPU
		{8865DF7D-4A67-4EE7-995F-CB87A5E13265}.Release|Any CPU.Build.0 = Release|Any CPU
		{15DF41FA-C9C3-4FF3-87DE-F2D521AC4788}.Debug|Any CPU.ActiveCfg = Debug|Any CPU
		{15DF41FA-C9C3-4FF3-87DE-F2D521AC4788}.Debug|Any CPU.Build.0 = Debug|Any CPU
		{15DF41FA-C9C3-4FF3-87DE-F2D521AC4788}.Release|Any CPU.ActiveCfg = Release|Any CPU
		{15DF41FA-C9C3-4FF3-87DE-F2D521AC4788}.Release|Any CPU.Build.0 = Release|Any CPU
		{745F2ECD-090B-4476-A29C-A3C72031512D}.Debug|Any CPU.ActiveCfg = Debug|Any CPU
		{745F2ECD-090B-4476-A29C-A3C72031512D}.Debug|Any CPU.Build.0 = Debug|Any CPU
		{745F2ECD-090B-4476-A29C-A3C72031512D}.Release|Any CPU.ActiveCfg = Release|Any CPU
		{745F2ECD-090B-4476-A29C-A3C72031512D}.Release|Any CPU.Build.0 = Release|Any CPU
		{4691FDD8-7F5C-4172-B394-9B5B35A9261F}.Debug|Any CPU.ActiveCfg = Debug|Any CPU
		{4691FDD8-7F5C-4172-B394-9B5B35A9261F}.Debug|Any CPU.Build.0 = Debug|Any CPU
		{4691FDD8-7F5C-4172-B394-9B5B35A9261F}.Release|Any CPU.ActiveCfg = Release|Any CPU
		{4691FDD8-7F5C-4172-B394-9B5B35A9261F}.Release|Any CPU.Build.0 = Release|Any CPU
		{799EBF83-36EF-4204-B23A-255600C605FB}.Debug|Any CPU.ActiveCfg = Debug|Any CPU
		{799EBF83-36EF-4204-B23A-255600C605FB}.Debug|Any CPU.Build.0 = Debug|Any CPU
		{799EBF83-36EF-4204-B23A-255600C605FB}.Release|Any CPU.ActiveCfg = Release|Any CPU
		{799EBF83-36EF-4204-B23A-255600C605FB}.Release|Any CPU.Build.0 = Release|Any CPU
		{9ACD0031-0D80-45F5-920F-EAC81CD427E7}.Debug|Any CPU.ActiveCfg = Debug|Any CPU
		{9ACD0031-0D80-45F5-920F-EAC81CD427E7}.Debug|Any CPU.Build.0 = Debug|Any CPU
		{9ACD0031-0D80-45F5-920F-EAC81CD427E7}.Release|Any CPU.ActiveCfg = Release|Any CPU
		{9ACD0031-0D80-45F5-920F-EAC81CD427E7}.Release|Any CPU.Build.0 = Release|Any CPU
		{A4E45F50-8E3F-4EA2-97C8-BB6A48C004B8}.Debug|Any CPU.ActiveCfg = Debug|Any CPU
		{A4E45F50-8E3F-4EA2-97C8-BB6A48C004B8}.Debug|Any CPU.Build.0 = Debug|Any CPU
		{A4E45F50-8E3F-4EA2-97C8-BB6A48C004B8}.Release|Any CPU.ActiveCfg = Release|Any CPU
		{A4E45F50-8E3F-4EA2-97C8-BB6A48C004B8}.Release|Any CPU.Build.0 = Release|Any CPU
		{A2389F23-447D-49E9-AC45-F53DF471B471}.Debug|Any CPU.ActiveCfg = Debug|Any CPU
		{A2389F23-447D-49E9-AC45-F53DF471B471}.Debug|Any CPU.Build.0 = Debug|Any CPU
		{A2389F23-447D-49E9-AC45-F53DF471B471}.Release|Any CPU.ActiveCfg = Release|Any CPU
		{A2389F23-447D-49E9-AC45-F53DF471B471}.Release|Any CPU.Build.0 = Release|Any CPU
		{7E43514A-3DDC-4FB5-962F-5A5D54271FF2}.Debug|Any CPU.ActiveCfg = Debug|Any CPU
		{7E43514A-3DDC-4FB5-962F-5A5D54271FF2}.Debug|Any CPU.Build.0 = Debug|Any CPU
		{7E43514A-3DDC-4FB5-962F-5A5D54271FF2}.Release|Any CPU.ActiveCfg = Release|Any CPU
		{7E43514A-3DDC-4FB5-962F-5A5D54271FF2}.Release|Any CPU.Build.0 = Release|Any CPU
		{3E336308-75B4-4AF8-B7A0-9418C0B5868E}.Debug|Any CPU.ActiveCfg = Debug|Any CPU
		{3E336308-75B4-4AF8-B7A0-9418C0B5868E}.Debug|Any CPU.Build.0 = Debug|Any CPU
		{3E336308-75B4-4AF8-B7A0-9418C0B5868E}.Release|Any CPU.ActiveCfg = Release|Any CPU
		{3E336308-75B4-4AF8-B7A0-9418C0B5868E}.Release|Any CPU.Build.0 = Release|Any CPU
		{F3F71859-75C2-4750-BF06-98EA11E67607}.Debug|Any CPU.ActiveCfg = Debug|Any CPU
		{F3F71859-75C2-4750-BF06-98EA11E67607}.Debug|Any CPU.Build.0 = Debug|Any CPU
		{F3F71859-75C2-4750-BF06-98EA11E67607}.Release|Any CPU.ActiveCfg = Release|Any CPU
		{F3F71859-75C2-4750-BF06-98EA11E67607}.Release|Any CPU.Build.0 = Release|Any CPU
		{8462C55B-3931-4A89-BBC0-7C7AF06C5530}.Debug|Any CPU.ActiveCfg = Debug|Any CPU
		{8462C55B-3931-4A89-BBC0-7C7AF06C5530}.Debug|Any CPU.Build.0 = Debug|Any CPU
		{8462C55B-3931-4A89-BBC0-7C7AF06C5530}.Release|Any CPU.ActiveCfg = Release|Any CPU
		{8462C55B-3931-4A89-BBC0-7C7AF06C5530}.Release|Any CPU.Build.0 = Release|Any CPU
		{1E33AD5A-BE9A-472F-8061-3E60508A8E55}.Debug|Any CPU.ActiveCfg = Debug|Any CPU
		{1E33AD5A-BE9A-472F-8061-3E60508A8E55}.Debug|Any CPU.Build.0 = Debug|Any CPU
		{1E33AD5A-BE9A-472F-8061-3E60508A8E55}.Release|Any CPU.ActiveCfg = Release|Any CPU
		{1E33AD5A-BE9A-472F-8061-3E60508A8E55}.Release|Any CPU.Build.0 = Release|Any CPU
		{9281C30F-38F9-48CF-A050-A8AB23A26625}.Debug|Any CPU.ActiveCfg = Debug|Any CPU
		{9281C30F-38F9-48CF-A050-A8AB23A26625}.Debug|Any CPU.Build.0 = Debug|Any CPU
		{9281C30F-38F9-48CF-A050-A8AB23A26625}.Release|Any CPU.ActiveCfg = Release|Any CPU
		{9281C30F-38F9-48CF-A050-A8AB23A26625}.Release|Any CPU.Build.0 = Release|Any CPU
		{41B0788B-C9D8-4FBC-9C29-090DB272799B}.Debug|Any CPU.ActiveCfg = Debug|Any CPU
		{41B0788B-C9D8-4FBC-9C29-090DB272799B}.Debug|Any CPU.Build.0 = Debug|Any CPU
		{41B0788B-C9D8-4FBC-9C29-090DB272799B}.Release|Any CPU.ActiveCfg = Release|Any CPU
		{41B0788B-C9D8-4FBC-9C29-090DB272799B}.Release|Any CPU.Build.0 = Release|Any CPU
		{571B025E-7F17-4DB1-86AA-73919F13114F}.Debug|Any CPU.ActiveCfg = Debug|Any CPU
		{571B025E-7F17-4DB1-86AA-73919F13114F}.Debug|Any CPU.Build.0 = Debug|Any CPU
		{571B025E-7F17-4DB1-86AA-73919F13114F}.Release|Any CPU.ActiveCfg = Release|Any CPU
		{571B025E-7F17-4DB1-86AA-73919F13114F}.Release|Any CPU.Build.0 = Release|Any CPU
	EndGlobalSection
	GlobalSection(SolutionProperties) = preSolution
		HideSolutionNode = FALSE
	EndGlobalSection
	GlobalSection(ExtensibilityGlobals) = postSolution
		SolutionGuid = {ED0709D3-6071-41C6-BA29-AF83591ECC7D}
	EndGlobalSection
EndGlobal
